
Microsoft Visual Studio Solution File, Format Version 12.00
# Visual Studio Version 16
VisualStudioVersion = 16.0.31005.135
MinimumVisualStudioVersion = 10.0.40219.1
Project("{FAE04EC0-301F-11D3-BF4B-00C04F79EFBC}") = "Parcial1", "Parcial1\Parcial1.csproj", "{AC2C3C5C-E289-4C57-B97C-BF74F74B14CB}"
EndProject
Global
	GlobalSection(SolutionConfigurationPlatforms) = preSolution
		Debug|Any CPU = Debug|Any CPU
		Release|Any CPU = Release|Any CPU
	EndGlobalSection
	GlobalSection(ProjectConfigurationPlatforms) = postSolution
		{AC2C3C5C-E289-4C57-B97C-BF74F74B14CB}.Debug|Any CPU.ActiveCfg = Debug|Any CPU
		{AC2C3C5C-E289-4C57-B97C-BF74F74B14CB}.Debug|Any CPU.Build.0 = Debug|Any CPU
		{AC2C3C5C-E289-4C57-B97C-BF74F74B14CB}.Release|Any CPU.ActiveCfg = Release|Any CPU
		{AC2C3C5C-E289-4C57-B97C-BF74F74B14CB}.Release|Any CPU.Build.0 = Release|Any CPU
	EndGlobalSection
	GlobalSection(SolutionProperties) = preSolution
		HideSolutionNode = FALSE
	EndGlobalSection
	GlobalSection(ExtensibilityGlobals) = postSolution
		SolutionGuid = {01A6A2F3-10C0-4799-90D1-71AE85F1F8C0}
	EndGlobalSection
EndGlobal
